
Microsoft Visual Studio Solution File, Format Version 12.00
# Visual Studio Version 17
VisualStudioVersion = 17.8.34525.116
MinimumVisualStudioVersion = 10.0.40219.1
Project("{FAE04EC0-301F-11D3-BF4B-00C04F79EFBC}") = "KodlamaIO", "KodlamaIO\KodlamaIO.csproj", "{264E3667-D546-4181-BEE8-F599F201D94F}"
EndProject
Global
	GlobalSection(SolutionConfigurationPlatforms) = preSolution
		Debug|Any CPU = Debug|Any CPU
		Release|Any CPU = Release|Any CPU
	EndGlobalSection
	GlobalSection(ProjectConfigurationPlatforms) = postSolution
		{264E3667-D546-4181-BEE8-F599F201D94F}.Debug|Any CPU.ActiveCfg = Debug|Any CPU
		{264E3667-D546-4181-BEE8-F599F201D94F}.Debug|Any CPU.Build.0 = Debug|Any CPU
		{264E3667-D546-4181-BEE8-F599F201D94F}.Release|Any CPU.ActiveCfg = Release|Any CPU
		{264E3667-D546-4181-BEE8-F599F201D94F}.Release|Any CPU.Build.0 = Release|Any CPU
	EndGlobalSection
	GlobalSection(SolutionProperties) = preSolution
		HideSolutionNode = FALSE
	EndGlobalSection
	GlobalSection(ExtensibilityGlobals) = postSolution
		SolutionGuid = {BCA021F1-2895-439E-99B4-043927EBEBCC}
	EndGlobalSection
EndGlobal
